filippo.io/edwards25519 v1.1.0 h1:FNf4tywRC1HmFuKW5xopWpigGjJKiJSV0Cqo0cJWDaA=
filippo.io/edwards25519 v1.1.0/go.mod h1:BxyFTGdWcka3PhytdK4V28tE5sGfRvvvRV7EaN4VDT4=
github.com/eliben/go-sudoku v0.0.0-20240410134957-a27844886aa9 h1:xaMzNcUVx015OIBRfcnRFTHnIGIElswoDZj9m31q4UM=
github.com/eliben/go-sudoku v0.0.0-20240410134957-a27844886aa9/go.mod h1:yTMJtYP8fpTUBEYklCGPE+T2KZHhhzrwWqSuZjCZT6k=
github.com/extism/go-pdk v1.0.2 h1:UB7oTW3tw2zoMlsUdBEDAAbhQg9OudzgNeyCwQYZ730=
github.com/extism/go-pdk v1.0.2/go.mod h1:Gz+LIU/YCKnKXhgge8yo5Yu1F/lbv7KtKFkiCSzW/P4=
github.com/go-mysql-org/go-mysql v1.8.0 h1:bN+/Q5yyQXQOAabXPkI3GZX43w4Tsj2DIthjC9i6CkQ=
github.com/go-mysql-org/go-mysql v1.8.0/go.mod h1:kwbF156Z9Sy8amP3E1SZp7/s/0PuJj/xKaOWToQiq0Y=
github.com/go-sql-driver/mysql v1.8.1 h1:LedoTUt/eveggdHS9qUFC1EFSa8bU2+1pZjSRpvNJ1Y=
github.com/go-sql-driver/mysql v1.8.1/go.mod h1:wEBSXgmK//2ZFJyE+qWnIsVGmvmEKlqwuVSjsCm7DZg=
golang.org/x/exp v0.0.0-20240409090435-93d18d7e34b8 h1:ESSUROHIBHg7USnszlcdmjBEwdMj9VUvU+OPk4yl2mc=
golang.org/x/exp v0.0.0-20240409090435-93d18d7e34b8/go.mod h1:/lliqkxwWAhPjf5oSOIJup2XcqJaw8RGS6k3TGEc7GI=
